
Microsoft Visual Studio Solution File, Format Version 12.00
# Visual Studio Version 16
VisualStudioVersion = 16.0.31129.286
MinimumVisualStudioVersion = 10.0.40219.1
Project("{9A19103F-16F7-4668-BE54-9A1E7A4F7556}") = "CrispArchitecture.Application", "CrispArchitecture.Application\CrispArchitecture.Application.csproj", "{7414BD77-17CE-42DB-A143-B52579377F25}"
EndProject
Project("{FAE04EC0-301F-11D3-BF4B-00C04F79EFBC}") = "CrispArchitecture.Domain", "CrispArchitecture.Domain\CrispArchitecture.Domain.csproj", "{5F218BEF-6C9F-4019-81B1-F789291406C6}"
EndProject
Project("{FAE04EC0-301F-11D3-BF4B-00C04F79EFBC}") = "CrispArchitecture.Infrastructure", "CrispArchitecture.Infrastructure\CrispArchitecture.Infrastructure.csproj", "{82066207-F193-4B12-820D-F1E62609209C}"
EndProject
Project("{2150E333-8FDC-42A3-9474-1A3956D46DE8}") = "Solution Items", "Solution Items", "{A0B74CB2-BEAE-40A5-BB89-2753A52DCA58}"
	ProjectSection(SolutionItems) = preProject
		Migrations.txt = Migrations.txt
		README.md = README.md
	EndProjectSection
EndProject
Project("{FAE04EC0-301F-11D3-BF4B-00C04F79EFBC}") = "CrispArchitecture.Test", "CrispArchitecture.Test\CrispArchitecture.Test.csproj", "{CB95EC93-5963-4344-B176-49DACACB2DB7}"
EndProject
Project("{FAE04EC0-301F-11D3-BF4B-00C04F79EFBC}") = "CrispArchitecture.Api", "CrispArchitecture.Api\CrispArchitecture.Api.csproj", "{7CF52C49-6CAA-4B40-B874-8A1B378ACCA1}"
EndProject
Global
	GlobalSection(SolutionConfigurationPlatforms) = preSolution
		Debug|Any CPU = Debug|Any CPU
		Release|Any CPU = Release|Any CPU
	EndGlobalSection
	GlobalSection(ProjectConfigurationPlatforms) = postSolution
		{7414BD77-17CE-42DB-A143-B52579377F25}.Debug|Any CPU.ActiveCfg = Debug|Any CPU
		{7414BD77-17CE-42DB-A143-B52579377F25}.Debug|Any CPU.Build.0 = Debug|Any CPU
		{7414BD77-17CE-42DB-A143-B52579377F25}.Release|Any CPU.ActiveCfg = Release|Any CPU
		{7414BD77-17CE-42DB-A143-B52579377F25}.Release|Any CPU.Build.0 = Release|Any CPU
		{5F218BEF-6C9F-4019-81B1-F789291406C6}.Debug|Any CPU.ActiveCfg = Debug|Any CPU
		{5F218BEF-6C9F-4019-81B1-F789291406C6}.Debug|Any CPU.Build.0 = Debug|Any CPU
		{5F218BEF-6C9F-4019-81B1-F789291406C6}.Release|Any CPU.ActiveCfg = Release|Any CPU
		{5F218BEF-6C9F-4019-81B1-F789291406C6}.Release|Any CPU.Build.0 = Release|Any CPU
		{82066207-F193-4B12-820D-F1E62609209C}.Debug|Any CPU.ActiveCfg = Debug|Any CPU
		{82066207-F193-4B12-820D-F1E62609209C}.Debug|Any CPU.Build.0 = Debug|Any CPU
		{82066207-F193-4B12-820D-F1E62609209C}.Release|Any CPU.ActiveCfg = Release|Any CPU
		{82066207-F193-4B12-820D-F1E62609209C}.Release|Any CPU.Build.0 = Release|Any CPU
		{CB95EC93-5963-4344-B176-49DACACB2DB7}.Debug|Any CPU.ActiveCfg = Debug|Any CPU
		{CB95EC93-5963-4344-B176-49DACACB2DB7}.Debug|Any CPU.Build.0 = Debug|Any CPU
		{CB95EC93-5963-4344-B176-49DACACB2DB7}.Release|Any CPU.ActiveCfg = Release|Any CPU
		{CB95EC93-5963-4344-B176-49DACACB2DB7}.Release|Any CPU.Build.0 = Release|Any CPU
		{7CF52C49-6CAA-4B40-B874-8A1B378ACCA1}.Debug|Any CPU.ActiveCfg = Debug|Any CPU
		{7CF52C49-6CAA-4B40-B874-8A1B378ACCA1}.Debug|Any CPU.Build.0 = Debug|Any CPU
		{7CF52C49-6CAA-4B40-B874-8A1B378ACCA1}.Release|Any CPU.ActiveCfg = Release|Any CPU
		{7CF52C49-6CAA-4B40-B874-8A1B378ACCA1}.Release|Any CPU.Build.0 = Release|Any CPU
	EndGlobalSection
	GlobalSection(SolutionProperties) = preSolution
		HideSolutionNode = FALSE
	EndGlobalSection
	GlobalSection(ExtensibilityGlobals) = postSolution
		SolutionGuid = {FC5F8072-0D7C-4766-8300-A3B33ADF9416}
	EndGlobalSection
EndGlobal
