
Microsoft Visual Studio Solution File, Format Version 12.00
# Visual Studio Version 16
VisualStudioVersion = 16.0.31129.286
MinimumVisualStudioVersion = 10.0.40219.1
Project("{FAE04EC0-301F-11D3-BF4B-00C04F79EFBC}") = "CrispArchitecture.Api", "CrispArchitechture.Api\CrispArchitecture.Api.csproj", "{D81E33D8-9060-4017-9D9E-9BCF2F7D5B75}"
EndProject
Project("{FAE04EC0-301F-11D3-BF4B-00C04F79EFBC}") = "CrispArchitecture.Application", "CrispArchitecture.Application\CrispArchitecture.Application.csproj", "{7414BD77-17CE-42DB-A143-B52579377F25}"
EndProject
Global
	GlobalSection(SolutionConfigurationPlatforms) = preSolution
		Debug|Any CPU = Debug|Any CPU
		Release|Any CPU = Release|Any CPU
	EndGlobalSection
	GlobalSection(ProjectConfigurationPlatforms) = postSolution
		{D81E33D8-9060-4017-9D9E-9BCF2F7D5B75}.Debug|Any CPU.ActiveCfg = Debug|Any CPU
		{D81E33D8-9060-4017-9D9E-9BCF2F7D5B75}.Debug|Any CPU.Build.0 = Debug|Any CPU
		{D81E33D8-9060-4017-9D9E-9BCF2F7D5B75}.Release|Any CPU.ActiveCfg = Release|Any CPU
		{D81E33D8-9060-4017-9D9E-9BCF2F7D5B75}.Release|Any CPU.Build.0 = Release|Any CPU
		{7414BD77-17CE-42DB-A143-B52579377F25}.Debug|Any CPU.ActiveCfg = Debug|Any CPU
		{7414BD77-17CE-42DB-A143-B52579377F25}.Debug|Any CPU.Build.0 = Debug|Any CPU
		{7414BD77-17CE-42DB-A143-B52579377F25}.Release|Any CPU.ActiveCfg = Release|Any CPU
		{7414BD77-17CE-42DB-A143-B52579377F25}.Release|Any CPU.Build.0 = Release|Any CPU
	EndGlobalSection
	GlobalSection(SolutionProperties) = preSolution
		HideSolutionNode = FALSE
	EndGlobalSection
	GlobalSection(ExtensibilityGlobals) = postSolution
		SolutionGuid = {FC5F8072-0D7C-4766-8300-A3B33ADF9416}
	EndGlobalSection
EndGlobal
